
Microsoft Visual Studio Solution File, Format Version 12.00
# Visual Studio Version 16
VisualStudioVersion = 16.0.35826.135
MinimumVisualStudioVersion = 10.0.40219.1
Project("{FAE04EC0-301F-11D3-BF4B-00C04F79EFBC}") = "ADO.NET", "ADO.NET\ADO.NET.csproj", "{9EB93A6B-0751-4C6D-8DD2-19270823935A}"
EndProject
Project("{FAE04EC0-301F-11D3-BF4B-00C04F79EFBC}") = "MoviesConnector", "MoviesConnector\MoviesConnector.csproj", "{41A83B2E-3A54-4055-A452-DD19434B7339}"
EndProject
Project("{FAE04EC0-301F-11D3-BF4B-00C04F79EFBC}") = "MoviesForms", "MoviesForms\MoviesForms.csproj", "{5AC40273-401D-4259-99DE-F69C9C139540}"
EndProject
Project("{FAE04EC0-301F-11D3-BF4B-00C04F79EFBC}") = "Academy", "Academy\Academy.csproj", "{C8FB0241-33FA-43D5-8283-02E89AA25CE6}"
EndProject
Project("{FAE04EC0-301F-11D3-BF4B-00C04F79EFBC}") = "DataSet", "DataSet\DataSet.csproj", "{F3E0F1AC-F732-4175-8D09-F3AA8FB6164A}"
EndProject
Project("{FAE04EC0-301F-11D3-BF4B-00C04F79EFBC}") = "DisconnectedMode", "Cache\DisconnectedMode.csproj", "{B88E12B3-0F18-4C38-9B90-654FF0A9ED22}"
EndProject
Project("{FAE04EC0-301F-11D3-BF4B-00C04F79EFBC}") = "ConnectedMode", "ConnectedMode\ConnectedMode.csproj", "{4E50644C-E252-4DAA-809E-B51EEB0499FC}"
EndProject
Project("{FAE04EC0-301F-11D3-BF4B-00C04F79EFBC}") = "DataSetWPF", "DataSetWPF\DataSetWPF.csproj", "{03D932EB-D760-46FB-8F0A-D25F7D4B583A}"
EndProject
Global
	GlobalSection(SolutionConfigurationPlatforms) = preSolution
		Debug|Any CPU = Debug|Any CPU
		Release|Any CPU = Release|Any CPU
	EndGlobalSection
	GlobalSection(ProjectConfigurationPlatforms) = postSolution
		{9EB93A6B-0751-4C6D-8DD2-19270823935A}.Debug|Any CPU.ActiveCfg = Debug|Any CPU
		{9EB93A6B-0751-4C6D-8DD2-19270823935A}.Debug|Any CPU.Build.0 = Debug|Any CPU
		{9EB93A6B-0751-4C6D-8DD2-19270823935A}.Release|Any CPU.ActiveCfg = Release|Any CPU
		{9EB93A6B-0751-4C6D-8DD2-19270823935A}.Release|Any CPU.Build.0 = Release|Any CPU
		{41A83B2E-3A54-4055-A452-DD19434B7339}.Debug|Any CPU.ActiveCfg = Debug|Any CPU
		{41A83B2E-3A54-4055-A452-DD19434B7339}.Debug|Any CPU.Build.0 = Debug|Any CPU
		{41A83B2E-3A54-4055-A452-DD19434B7339}.Release|Any CPU.ActiveCfg = Release|Any CPU
		{41A83B2E-3A54-4055-A452-DD19434B7339}.Release|Any CPU.Build.0 = Release|Any CPU
		{5AC40273-401D-4259-99DE-F69C9C139540}.Debug|Any CPU.ActiveCfg = Debug|Any CPU
		{5AC40273-401D-4259-99DE-F69C9C139540}.Debug|Any CPU.Build.0 = Debug|Any CPU
		{5AC40273-401D-4259-99DE-F69C9C139540}.Release|Any CPU.ActiveCfg = Release|Any CPU
		{5AC40273-401D-4259-99DE-F69C9C139540}.Release|Any CPU.Build.0 = Release|Any CPU
		{C8FB0241-33FA-43D5-8283-02E89AA25CE6}.Debug|Any CPU.ActiveCfg = Debug|Any CPU
		{C8FB0241-33FA-43D5-8283-02E89AA25CE6}.Debug|Any CPU.Build.0 = Debug|Any CPU
		{C8FB0241-33FA-43D5-8283-02E89AA25CE6}.Release|Any CPU.ActiveCfg = Release|Any CPU
		{C8FB0241-33FA-43D5-8283-02E89AA25CE6}.Release|Any CPU.Build.0 = Release|Any CPU
		{F3E0F1AC-F732-4175-8D09-F3AA8FB6164A}.Debug|Any CPU.ActiveCfg = Debug|Any CPU
		{F3E0F1AC-F732-4175-8D09-F3AA8FB6164A}.Debug|Any CPU.Build.0 = Debug|Any CPU
		{F3E0F1AC-F732-4175-8D09-F3AA8FB6164A}.Release|Any CPU.ActiveCfg = Release|Any CPU
		{F3E0F1AC-F732-4175-8D09-F3AA8FB6164A}.Release|Any CPU.Build.0 = Release|Any CPU
		{B88E12B3-0F18-4C38-9B90-654FF0A9ED22}.Debug|Any CPU.ActiveCfg = Debug|Any CPU
		{B88E12B3-0F18-4C38-9B90-654FF0A9ED22}.Debug|Any CPU.Build.0 = Debug|Any CPU
		{B88E12B3-0F18-4C38-9B90-654FF0A9ED22}.Release|Any CPU.ActiveCfg = Release|Any CPU
		{B88E12B3-0F18-4C38-9B90-654FF0A9ED22}.Release|Any CPU.Build.0 = Release|Any CPU
		{4E50644C-E252-4DAA-809E-B51EEB0499FC}.Debug|Any CPU.ActiveCfg = Debug|Any CPU
		{4E50644C-E252-4DAA-809E-B51EEB0499FC}.Debug|Any CPU.Build.0 = Debug|Any CPU
		{4E50644C-E252-4DAA-809E-B51EEB0499FC}.Release|Any CPU.ActiveCfg = Release|Any CPU
		{4E50644C-E252-4DAA-809E-B51EEB0499FC}.Release|Any CPU.Build.0 = Release|Any CPU
		{03D932EB-D760-46FB-8F0A-D25F7D4B583A}.Debug|Any CPU.ActiveCfg = Debug|Any CPU
		{03D932EB-D760-46FB-8F0A-D25F7D4B583A}.Debug|Any CPU.Build.0 = Debug|Any CPU
		{03D932EB-D760-46FB-8F0A-D25F7D4B583A}.Release|Any CPU.ActiveCfg = Release|Any CPU
		{03D932EB-D760-46FB-8F0A-D25F7D4B583A}.Release|Any CPU.Build.0 = Release|Any CPU
	EndGlobalSection
	GlobalSection(SolutionProperties) = preSolution
		HideSolutionNode = FALSE
	EndGlobalSection
	GlobalSection(ExtensibilityGlobals) = postSolution
		SolutionGuid = {5721568D-C69E-4118-8D06-26ADD6A16B2C}
	EndGlobalSection
EndGlobal
